
Microsoft Visual Studio Solution File, Format Version 12.00
# Visual Studio Version 17
VisualStudioVersion = 17.9.34616.47
MinimumVisualStudioVersion = 10.0.40219.1
Project("{FAE04EC0-301F-11D3-BF4B-00C04F79EFBC}") = "AOTW_Week2", "AOTW_Week2.csproj", "{2BFCCB48-A5DF-4ECD-B56B-B71D8D43D2EE}"
EndProject
Global
	GlobalSection(SolutionConfigurationPlatforms) = preSolution
		Debug|Any CPU = Debug|Any CPU
		Release|Any CPU = Release|Any CPU
	EndGlobalSection
	GlobalSection(ProjectConfigurationPlatforms) = postSolution
		{2BFCCB48-A5DF-4ECD-B56B-B71D8D43D2EE}.Debug|Any CPU.ActiveCfg = Debug|Any CPU
		{2BFCCB48-A5DF-4ECD-B56B-B71D8D43D2EE}.Debug|Any CPU.Build.0 = Debug|Any CPU
		{2BFCCB48-A5DF-4ECD-B56B-B71D8D43D2EE}.Release|Any CPU.ActiveCfg = Release|Any CPU
		{2BFCCB48-A5DF-4ECD-B56B-B71D8D43D2EE}.Release|Any CPU.Build.0 = Release|Any CPU
	EndGlobalSection
	GlobalSection(SolutionProperties) = preSolution
		HideSolutionNode = FALSE
	EndGlobalSection
	GlobalSection(ExtensibilityGlobals) = postSolution
		SolutionGuid = {83453C04-B912-4392-945D-7EE26341B282}
	EndGlobalSection
EndGlobal
